
Microsoft Visual Studio Solution File, Format Version 12.00
# Visual Studio Version 17
VisualStudioVersion = 17.2.32630.192
MinimumVisualStudioVersion = 10.0.40219.1
Project("{8BC9CEB8-8B4A-11D0-8D11-00A0C91BC942}") = "顺序表的实现", "顺序表的实现\顺序表的实现.vcxproj", "{AC26C2AE-A19B-4C05-AB74-7ED0E4764098}"
EndProject
Global
	GlobalSection(SolutionConfigurationPlatforms) = preSolution
		Debug|x64 = Debug|x64
		Debug|x86 = Debug|x86
		Release|x64 = Release|x64
		Release|x86 = Release|x86
	EndGlobalSection
	GlobalSection(ProjectConfigurationPlatforms) = postSolution
		{AC26C2AE-A19B-4C05-AB74-7ED0E4764098}.Debug|x64.ActiveCfg = Debug|x64
		{AC26C2AE-A19B-4C05-AB74-7ED0E4764098}.Debug|x64.Build.0 = Debug|x64
		{AC26C2AE-A19B-4C05-AB74-7ED0E4764098}.Debug|x86.ActiveCfg = Debug|Win32
		{AC26C2AE-A19B-4C05-AB74-7ED0E4764098}.Debug|x86.Build.0 = Debug|Win32
		{AC26C2AE-A19B-4C05-AB74-7ED0E4764098}.Release|x64.ActiveCfg = Release|x64
		{AC26C2AE-A19B-4C05-AB74-7ED0E4764098}.Release|x64.Build.0 = Release|x64
		{AC26C2AE-A19B-4C05-AB74-7ED0E4764098}.Release|x86.ActiveCfg = Release|Win32
		{AC26C2AE-A19B-4C05-AB74-7ED0E4764098}.Release|x86.Build.0 = Release|Win32
	EndGlobalSection
	GlobalSection(SolutionProperties) = preSolution
		HideSolutionNode = FALSE
	EndGlobalSection
	GlobalSection(ExtensibilityGlobals) = postSolution
		SolutionGuid = {676B00DC-7CF0-4074-AC25-A4CCAF14E082}
	EndGlobalSection
EndGlobal
