
Microsoft Visual Studio Solution File, Format Version 12.00
# Visual Studio Version 17
VisualStudioVersion = 17.2.32630.192
MinimumVisualStudioVersion = 10.0.40219.1
Project("{8BC9CEB8-8B4A-11D0-8D11-00A0C91BC942}") = "Sequance table exercises", "Sequance table exercises\Sequance table exercises.vcxproj", "{8AA5B129-6D5E-46FC-A67F-C9C7B7460971}"
EndProject
Global
	GlobalSection(SolutionConfigurationPlatforms) = preSolution
		Debug|x64 = Debug|x64
		Debug|x86 = Debug|x86
		Release|x64 = Release|x64
		Release|x86 = Release|x86
	EndGlobalSection
	GlobalSection(ProjectConfigurationPlatforms) = postSolution
		{8AA5B129-6D5E-46FC-A67F-C9C7B7460971}.Debug|x64.ActiveCfg = Debug|x64
		{8AA5B129-6D5E-46FC-A67F-C9C7B7460971}.Debug|x64.Build.0 = Debug|x64
		{8AA5B129-6D5E-46FC-A67F-C9C7B7460971}.Debug|x86.ActiveCfg = Debug|Win32
		{8AA5B129-6D5E-46FC-A67F-C9C7B7460971}.Debug|x86.Build.0 = Debug|Win32
		{8AA5B129-6D5E-46FC-A67F-C9C7B7460971}.Release|x64.ActiveCfg = Release|x64
		{8AA5B129-6D5E-46FC-A67F-C9C7B7460971}.Release|x64.Build.0 = Release|x64
		{8AA5B129-6D5E-46FC-A67F-C9C7B7460971}.Release|x86.ActiveCfg = Release|Win32
		{8AA5B129-6D5E-46FC-A67F-C9C7B7460971}.Release|x86.Build.0 = Release|Win32
	EndGlobalSection
	GlobalSection(SolutionProperties) = preSolution
		HideSolutionNode = FALSE
	EndGlobalSection
	GlobalSection(ExtensibilityGlobals) = postSolution
		SolutionGuid = {F15CA0FD-CB3A-40B2-A39E-18DCF47F2A28}
	EndGlobalSection
EndGlobal
